{
  "name": "memorize",
  "version": "1.0.0",
  "lockfileVersion": 3,
  "requires": true,
  "packages": {
    "": {
      "name": "memorize",
      "version": "1.0.0",
      "license": "ISC",
      "dependencies": {
        "@cloudflare/pages-plugin-vercel-og": "^0.1.2"
      }
    },
    "node_modules/@cloudflare/pages-plugin-vercel-og": {
      "version": "0.1.2",
      "resolved": "https://registry.npmjs.org/@cloudflare/pages-plugin-vercel-og/-/pages-plugin-vercel-og-0.1.2.tgz",
      "integrity": "sha512-aWA2pHu1R2UbOJIcSASCuViyYVEhYkZ3tWTrTnr+yLosBfksOzjecHQkCkPv/jy75hGPrn1BbtsQR+oWVFkp1g=="
    }
  }
}
